
Microsoft Visual Studio Solution File, Format Version 12.00
Project("{FAE04EC0-301F-11D3-BF4B-00C04F79EFBC}") = "JoelComponents.Web", "JoelComponents.Web\JoelComponents.Web.csproj", "{6B73451D-4E6F-4C3A-9601-330A0DD88A00}"
EndProject
Project("{FAE04EC0-301F-11D3-BF4B-00C04F79EFBC}") = "JoelComponents.UI", "JoelComponents.UI\JoelComponents.UI.csproj", "{4FF5BFA7-F858-4EA0-B140-F88F88A46072}"
EndProject
Project("{FAE04EC0-301F-11D3-BF4B-00C04F79EFBC}") = "JoelComponents.bUnit", "JoelComponents.bUnit\JoelComponents.bUnit.csproj", "{A790B7BF-2656-4BAA-B081-B19F1B747E85}"
EndProject
Global
	GlobalSection(SolutionConfigurationPlatforms) = preSolution
		Debug|Any CPU = Debug|Any CPU
		Release|Any CPU = Release|Any CPU
	EndGlobalSection
	GlobalSection(ProjectConfigurationPlatforms) = postSolution
		{6B73451D-4E6F-4C3A-9601-330A0DD88A00}.Debug|Any CPU.ActiveCfg = Debug|Any CPU
		{6B73451D-4E6F-4C3A-9601-330A0DD88A00}.Debug|Any CPU.Build.0 = Debug|Any CPU
		{6B73451D-4E6F-4C3A-9601-330A0DD88A00}.Release|Any CPU.ActiveCfg = Release|Any CPU
		{6B73451D-4E6F-4C3A-9601-330A0DD88A00}.Release|Any CPU.Build.0 = Release|Any CPU
		{4FF5BFA7-F858-4EA0-B140-F88F88A46072}.Debug|Any CPU.ActiveCfg = Debug|Any CPU
		{4FF5BFA7-F858-4EA0-B140-F88F88A46072}.Debug|Any CPU.Build.0 = Debug|Any CPU
		{4FF5BFA7-F858-4EA0-B140-F88F88A46072}.Release|Any CPU.ActiveCfg = Release|Any CPU
		{4FF5BFA7-F858-4EA0-B140-F88F88A46072}.Release|Any CPU.Build.0 = Release|Any CPU
		{A790B7BF-2656-4BAA-B081-B19F1B747E85}.Debug|Any CPU.ActiveCfg = Debug|Any CPU
		{A790B7BF-2656-4BAA-B081-B19F1B747E85}.Debug|Any CPU.Build.0 = Debug|Any CPU
		{A790B7BF-2656-4BAA-B081-B19F1B747E85}.Release|Any CPU.ActiveCfg = Release|Any CPU
		{A790B7BF-2656-4BAA-B081-B19F1B747E85}.Release|Any CPU.Build.0 = Release|Any CPU
	EndGlobalSection
EndGlobal
